
Microsoft Visual Studio Solution File, Format Version 12.00
# Visual Studio 15
VisualStudioVersion = 15.0.28307.168
MinimumVisualStudioVersion = 10.0.40219.1
Project("{FAE04EC0-301F-11D3-BF4B-00C04F79EFBC}") = "dz_3.1.а", "dz_3.1\dz_3.1.а.csproj", "{87D10EF8-2BA9-4D0A-B6AD-99829731E6F3}"
EndProject
Project("{FAE04EC0-301F-11D3-BF4B-00C04F79EFBC}") = "dz_3.1.b", "dz_3.1.b\dz_3.1.b.csproj", "{AC9D4787-46CB-4988-BB3E-AB996558A82C}"
EndProject
Project("{FAE04EC0-301F-11D3-BF4B-00C04F79EFBC}") = "dz_3.2", "dz_3.2\dz_3.2.csproj", "{E423B405-5FD4-4E6F-AA5F-5848D8E27F76}"
EndProject
Project("{FAE04EC0-301F-11D3-BF4B-00C04F79EFBC}") = "SimpleLibrary", "..\lesson1\SimpleLibrary\SimpleLibrary.csproj", "{69A82B8F-326F-4466-8783-145F551BEA71}"
EndProject
Project("{FAE04EC0-301F-11D3-BF4B-00C04F79EFBC}") = "dz_3.3", "dz_3.3\dz_3.3.csproj", "{FB8683A0-7657-4448-A34E-20EE093FE9CB}"
EndProject
Global
	GlobalSection(SolutionConfigurationPlatforms) = preSolution
		Debug|Any CPU = Debug|Any CPU
		Release|Any CPU = Release|Any CPU
	EndGlobalSection
	GlobalSection(ProjectConfigurationPlatforms) = postSolution
		{87D10EF8-2BA9-4D0A-B6AD-99829731E6F3}.Debug|Any CPU.ActiveCfg = Debug|Any CPU
		{87D10EF8-2BA9-4D0A-B6AD-99829731E6F3}.Debug|Any CPU.Build.0 = Debug|Any CPU
		{87D10EF8-2BA9-4D0A-B6AD-99829731E6F3}.Release|Any CPU.ActiveCfg = Release|Any CPU
		{87D10EF8-2BA9-4D0A-B6AD-99829731E6F3}.Release|Any CPU.Build.0 = Release|Any CPU
		{AC9D4787-46CB-4988-BB3E-AB996558A82C}.Debug|Any CPU.ActiveCfg = Debug|Any CPU
		{AC9D4787-46CB-4988-BB3E-AB996558A82C}.Debug|Any CPU.Build.0 = Debug|Any CPU
		{AC9D4787-46CB-4988-BB3E-AB996558A82C}.Release|Any CPU.ActiveCfg = Release|Any CPU
		{AC9D4787-46CB-4988-BB3E-AB996558A82C}.Release|Any CPU.Build.0 = Release|Any CPU
		{E423B405-5FD4-4E6F-AA5F-5848D8E27F76}.Debug|Any CPU.ActiveCfg = Debug|Any CPU
		{E423B405-5FD4-4E6F-AA5F-5848D8E27F76}.Debug|Any CPU.Build.0 = Debug|Any CPU
		{E423B405-5FD4-4E6F-AA5F-5848D8E27F76}.Release|Any CPU.ActiveCfg = Release|Any CPU
		{E423B405-5FD4-4E6F-AA5F-5848D8E27F76}.Release|Any CPU.Build.0 = Release|Any CPU
		{69A82B8F-326F-4466-8783-145F551BEA71}.Debug|Any CPU.ActiveCfg = Debug|Any CPU
		{69A82B8F-326F-4466-8783-145F551BEA71}.Debug|Any CPU.Build.0 = Debug|Any CPU
		{69A82B8F-326F-4466-8783-145F551BEA71}.Release|Any CPU.ActiveCfg = Release|Any CPU
		{69A82B8F-326F-4466-8783-145F551BEA71}.Release|Any CPU.Build.0 = Release|Any CPU
		{FB8683A0-7657-4448-A34E-20EE093FE9CB}.Debug|Any CPU.ActiveCfg = Debug|Any CPU
		{FB8683A0-7657-4448-A34E-20EE093FE9CB}.Debug|Any CPU.Build.0 = Debug|Any CPU
		{FB8683A0-7657-4448-A34E-20EE093FE9CB}.Release|Any CPU.ActiveCfg = Release|Any CPU
		{FB8683A0-7657-4448-A34E-20EE093FE9CB}.Release|Any CPU.Build.0 = Release|Any CPU
	EndGlobalSection
	GlobalSection(SolutionProperties) = preSolution
		HideSolutionNode = FALSE
	EndGlobalSection
	GlobalSection(ExtensibilityGlobals) = postSolution
		SolutionGuid = {E29F7657-A649-460E-BA2B-71B0FB4EEC7A}
	EndGlobalSection
EndGlobal
